
Microsoft Visual Studio Solution File, Format Version 12.00
# Visual Studio Version 16
VisualStudioVersion = 16.0.29709.97
MinimumVisualStudioVersion = 10.0.40219.1
Project("{FAE04EC0-301F-11D3-BF4B-00C04F79EFBC}") = "Rules.Functions", "Rules.Functions\Rules.Functions.csproj", "{A8AE0B1B-90FD-4FBD-8550-4A2A2890EE17}"
EndProject
Global
	GlobalSection(SolutionConfigurationPlatforms) = preSolution
		Debug|Any CPU = Debug|Any CPU
		Release|Any CPU = Release|Any CPU
	EndGlobalSection
	GlobalSection(ProjectConfigurationPlatforms) = postSolution
		{A8AE0B1B-90FD-4FBD-8550-4A2A2890EE17}.Debug|Any CPU.ActiveCfg = Debug|Any CPU
		{A8AE0B1B-90FD-4FBD-8550-4A2A2890EE17}.Debug|Any CPU.Build.0 = Debug|Any CPU
		{A8AE0B1B-90FD-4FBD-8550-4A2A2890EE17}.Release|Any CPU.ActiveCfg = Release|Any CPU
		{A8AE0B1B-90FD-4FBD-8550-4A2A2890EE17}.Release|Any CPU.Build.0 = Release|Any CPU
	EndGlobalSection
	GlobalSection(SolutionProperties) = preSolution
		HideSolutionNode = FALSE
	EndGlobalSection
	GlobalSection(ExtensibilityGlobals) = postSolution
		SolutionGuid = {B3ECA852-C59A-4973-B894-DF4F9928EA64}
	EndGlobalSection
EndGlobal
